
Microsoft Visual Studio Solution File, Format Version 12.00
# Visual Studio Version 16
VisualStudioVersion = 16.0.29102.190
MinimumVisualStudioVersion = 10.0.40219.1
Project("{FAE04EC0-301F-11D3-BF4B-00C04F79EFBC}") = "EjercicioPipes6", "EjercicioPipes6\EjercicioPipes6.csproj", "{91882C1C-42F9-40DC-B5CA-C114E7F6AC9C}"
EndProject
Project("{FAE04EC0-301F-11D3-BF4B-00C04F79EFBC}") = "Hijo", "Hijo\Hijo.csproj", "{51C10A84-078D-4A92-85CE-19762768E6AB}"
EndProject
Global
	GlobalSection(SolutionConfigurationPlatforms) = preSolution
		Debug|Any CPU = Debug|Any CPU
		Release|Any CPU = Release|Any CPU
	EndGlobalSection
	GlobalSection(ProjectConfigurationPlatforms) = postSolution
		{91882C1C-42F9-40DC-B5CA-C114E7F6AC9C}.Debug|Any CPU.ActiveCfg = Debug|Any CPU
		{91882C1C-42F9-40DC-B5CA-C114E7F6AC9C}.Debug|Any CPU.Build.0 = Debug|Any CPU
		{91882C1C-42F9-40DC-B5CA-C114E7F6AC9C}.Release|Any CPU.ActiveCfg = Release|Any CPU
		{91882C1C-42F9-40DC-B5CA-C114E7F6AC9C}.Release|Any CPU.Build.0 = Release|Any CPU
		{51C10A84-078D-4A92-85CE-19762768E6AB}.Debug|Any CPU.ActiveCfg = Debug|Any CPU
		{51C10A84-078D-4A92-85CE-19762768E6AB}.Debug|Any CPU.Build.0 = Debug|Any CPU
		{51C10A84-078D-4A92-85CE-19762768E6AB}.Release|Any CPU.ActiveCfg = Release|Any CPU
		{51C10A84-078D-4A92-85CE-19762768E6AB}.Release|Any CPU.Build.0 = Release|Any CPU
	EndGlobalSection
	GlobalSection(SolutionProperties) = preSolution
		HideSolutionNode = FALSE
	EndGlobalSection
	GlobalSection(ExtensibilityGlobals) = postSolution
		SolutionGuid = {440CE0E7-4D73-4C76-BBE4-92B6800F5799}
	EndGlobalSection
EndGlobal
